
Microsoft Visual Studio Solution File, Format Version 12.00
# Visual Studio Version 16
VisualStudioVersion = 16.0.31515.178
MinimumVisualStudioVersion = 10.0.40219.1
Project("{E24C65DC-7377-472B-9ABA-BC803B73C61A}") = "BerraWCF", "BerraWCF", "{5E2C1D93-540F-404C-AA98-349667ADE682}"
	ProjectSection(WebsiteProperties) = preProject
		TargetFrameworkMoniker = ".NETFramework,Version%3Dv4.7.2"
		Debug.AspNetCompiler.VirtualPath = "/localhost_49339"
		Debug.AspNetCompiler.PhysicalPath = "BerraWCF\"
		Debug.AspNetCompiler.TargetPath = "PrecompiledWeb\localhost_49339\"
		Debug.AspNetCompiler.Updateable = "true"
		Debug.AspNetCompiler.ForceOverwrite = "true"
		Debug.AspNetCompiler.FixedNames = "false"
		Debug.AspNetCompiler.Debug = "True"
		Release.AspNetCompiler.VirtualPath = "/localhost_49339"
		Release.AspNetCompiler.PhysicalPath = "BerraWCF\"
		Release.AspNetCompiler.TargetPath = "PrecompiledWeb\localhost_49339\"
		Release.AspNetCompiler.Updateable = "true"
		Release.AspNetCompiler.ForceOverwrite = "true"
		Release.AspNetCompiler.FixedNames = "false"
		Release.AspNetCompiler.Debug = "False"
		VWDPort = "49339"
		SlnRelativePath = "BerraWCF\"
		DefaultWebSiteLanguage = "Visual C#"
	EndProjectSection
EndProject
Global
	GlobalSection(SolutionConfigurationPlatforms) = preSolution
		Debug|Any CPU = Debug|Any CPU
	EndGlobalSection
	GlobalSection(ProjectConfigurationPlatforms) = postSolution
		{5E2C1D93-540F-404C-AA98-349667ADE682}.Debug|Any CPU.ActiveCfg = Debug|Any CPU
		{5E2C1D93-540F-404C-AA98-349667ADE682}.Debug|Any CPU.Build.0 = Debug|Any CPU
	EndGlobalSection
	GlobalSection(SolutionProperties) = preSolution
		HideSolutionNode = FALSE
	EndGlobalSection
	GlobalSection(ExtensibilityGlobals) = postSolution
		SolutionGuid = {DEFE4670-0A4C-4AD0-A372-4DC82AE64716}
	EndGlobalSection
EndGlobal
